
Microsoft Visual Studio Solution File, Format Version 12.00
# Visual Studio Version 17
VisualStudioVersion = 17.5.33414.496
MinimumVisualStudioVersion = 10.0.40219.1
Project("{FAE04EC0-301F-11D3-BF4B-00C04F79EFBC}") = "conectarbanco", "conectarbanco\conectarbanco.csproj", "{0A4256B4-C376-4EFE-9317-507D9207D781}"
EndProject
Global
	GlobalSection(SolutionConfigurationPlatforms) = preSolution
		Debug|Any CPU = Debug|Any CPU
		Release|Any CPU = Release|Any CPU
	EndGlobalSection
	GlobalSection(ProjectConfigurationPlatforms) = postSolution
		{0A4256B4-C376-4EFE-9317-507D9207D781}.Debug|Any CPU.ActiveCfg = Debug|Any CPU
		{0A4256B4-C376-4EFE-9317-507D9207D781}.Debug|Any CPU.Build.0 = Debug|Any CPU
		{0A4256B4-C376-4EFE-9317-507D9207D781}.Release|Any CPU.ActiveCfg = Release|Any CPU
		{0A4256B4-C376-4EFE-9317-507D9207D781}.Release|Any CPU.Build.0 = Release|Any CPU
	EndGlobalSection
	GlobalSection(SolutionProperties) = preSolution
		HideSolutionNode = FALSE
	EndGlobalSection
	GlobalSection(ExtensibilityGlobals) = postSolution
		SolutionGuid = {43BC6530-F6D8-441B-ACC8-688B5E53C242}
	EndGlobalSection
EndGlobal
